
Microsoft Visual Studio Solution File, Format Version 12.00
# Visual Studio 2012
Project("{FAE04EC0-301F-11D3-BF4B-00C04F79EFBC}") = "meetneighbours.dal", "meetneighbours.dal\meetneighbours.dal.csproj", "{7D9F10DB-A83F-454D-AA77-053C5CD3C007}"
EndProject
Project("{FAE04EC0-301F-11D3-BF4B-00C04F79EFBC}") = "meetneighbours.model", "meetneighbours.model\meetneighbours.model.csproj", "{D3A812F9-A8E5-47B6-8B3F-B886DFD2EA51}"
EndProject
Project("{FAE04EC0-301F-11D3-BF4B-00C04F79EFBC}") = "meetneighbours.DTO", "meetneighbours.DTO\meetneighbours.DTO.csproj", "{4CFD0809-A93A-478E-AC44-5736EC18D88C}"
EndProject
Project("{FAE04EC0-301F-11D3-BF4B-00C04F79EFBC}") = "meetneighbours.repository", "meetneighbours.repository\meetneighbours.repository.csproj", "{A228B25C-4F4B-4468-B9F2-27BEC8BF5A11}"
EndProject
Project("{FAE04EC0-301F-11D3-BF4B-00C04F79EFBC}") = "meetneighbours.services", "meetneighbours.services\meetneighbours.services.csproj", "{D593C678-1B25-4441-924F-3BD36F0AAE4C}"
EndProject
Global
	GlobalSection(SolutionConfigurationPlatforms) = preSolution
		Debug|Any CPU = Debug|Any CPU
		Release|Any CPU = Release|Any CPU
	EndGlobalSection
	GlobalSection(ProjectConfigurationPlatforms) = postSolution
		{7D9F10DB-A83F-454D-AA77-053C5CD3C007}.Debug|Any CPU.ActiveCfg = Debug|Any CPU
		{7D9F10DB-A83F-454D-AA77-053C5CD3C007}.Debug|Any CPU.Build.0 = Debug|Any CPU
		{7D9F10DB-A83F-454D-AA77-053C5CD3C007}.Release|Any CPU.ActiveCfg = Release|Any CPU
		{7D9F10DB-A83F-454D-AA77-053C5CD3C007}.Release|Any CPU.Build.0 = Release|Any CPU
		{D3A812F9-A8E5-47B6-8B3F-B886DFD2EA51}.Debug|Any CPU.ActiveCfg = Debug|Any CPU
		{D3A812F9-A8E5-47B6-8B3F-B886DFD2EA51}.Debug|Any CPU.Build.0 = Debug|Any CPU
		{D3A812F9-A8E5-47B6-8B3F-B886DFD2EA51}.Release|Any CPU.ActiveCfg = Release|Any CPU
		{D3A812F9-A8E5-47B6-8B3F-B886DFD2EA51}.Release|Any CPU.Build.0 = Release|Any CPU
		{4CFD0809-A93A-478E-AC44-5736EC18D88C}.Debug|Any CPU.ActiveCfg = Debug|Any CPU
		{4CFD0809-A93A-478E-AC44-5736EC18D88C}.Debug|Any CPU.Build.0 = Debug|Any CPU
		{4CFD0809-A93A-478E-AC44-5736EC18D88C}.Release|Any CPU.ActiveCfg = Release|Any CPU
		{4CFD0809-A93A-478E-AC44-5736EC18D88C}.Release|Any CPU.Build.0 = Release|Any CPU
		{A228B25C-4F4B-4468-B9F2-27BEC8BF5A11}.Debug|Any CPU.ActiveCfg = Debug|Any CPU
		{A228B25C-4F4B-4468-B9F2-27BEC8BF5A11}.Debug|Any CPU.Build.0 = Debug|Any CPU
		{A228B25C-4F4B-4468-B9F2-27BEC8BF5A11}.Release|Any CPU.ActiveCfg = Release|Any CPU
		{A228B25C-4F4B-4468-B9F2-27BEC8BF5A11}.Release|Any CPU.Build.0 = Release|Any CPU
		{D593C678-1B25-4441-924F-3BD36F0AAE4C}.Debug|Any CPU.ActiveCfg = Debug|Any CPU
		{D593C678-1B25-4441-924F-3BD36F0AAE4C}.Debug|Any CPU.Build.0 = Debug|Any CPU
		{D593C678-1B25-4441-924F-3BD36F0AAE4C}.Release|Any CPU.ActiveCfg = Release|Any CPU
		{D593C678-1B25-4441-924F-3BD36F0AAE4C}.Release|Any CPU.Build.0 = Release|Any CPU
	EndGlobalSection
	GlobalSection(SolutionProperties) = preSolution
		HideSolutionNode = FALSE
	EndGlobalSection
EndGlobal
